
Microsoft Visual Studio Solution File, Format Version 12.00
# Visual Studio Version 17
VisualStudioVersion = 17.0.32112.339
MinimumVisualStudioVersion = 10.0.40219.1
Project("{FAE04EC0-301F-11D3-BF4B-00C04F79EFBC}") = "ChangeCalculator", "ChangeCalculator\ChangeCalculator.csproj", "{F1BA330F-0B82-4F06-9795-345962782691}"
EndProject
Project("{FAE04EC0-301F-11D3-BF4B-00C04F79EFBC}") = "Test_ChangeCalculator", "Test.ChangeCalculator\Test_ChangeCalculator.csproj", "{87D38784-D2CB-4C55-B700-4DCE30ECA900}"
EndProject
Global
	GlobalSection(SolutionConfigurationPlatforms) = preSolution
		Debug|Any CPU = Debug|Any CPU
		Release|Any CPU = Release|Any CPU
	EndGlobalSection
	GlobalSection(ProjectConfigurationPlatforms) = postSolution
		{F1BA330F-0B82-4F06-9795-345962782691}.Debug|Any CPU.ActiveCfg = Debug|Any CPU
		{F1BA330F-0B82-4F06-9795-345962782691}.Debug|Any CPU.Build.0 = Debug|Any CPU
		{F1BA330F-0B82-4F06-9795-345962782691}.Release|Any CPU.ActiveCfg = Release|Any CPU
		{F1BA330F-0B82-4F06-9795-345962782691}.Release|Any CPU.Build.0 = Release|Any CPU
		{87D38784-D2CB-4C55-B700-4DCE30ECA900}.Debug|Any CPU.ActiveCfg = Debug|Any CPU
		{87D38784-D2CB-4C55-B700-4DCE30ECA900}.Debug|Any CPU.Build.0 = Debug|Any CPU
		{87D38784-D2CB-4C55-B700-4DCE30ECA900}.Release|Any CPU.ActiveCfg = Release|Any CPU
		{87D38784-D2CB-4C55-B700-4DCE30ECA900}.Release|Any CPU.Build.0 = Release|Any CPU
	EndGlobalSection
	GlobalSection(SolutionProperties) = preSolution
		HideSolutionNode = FALSE
	EndGlobalSection
	GlobalSection(ExtensibilityGlobals) = postSolution
		SolutionGuid = {3CB84B19-0ED1-4F52-AECC-C6B478D74A19}
	EndGlobalSection
EndGlobal
